Microsoft Visual Studio Solution File, Format Version 12.00
# Visual Studio Version 17
VisualStudioVersion = 17.5.2.0
MinimumVisualStudioVersion = 10.0.40219.1
Project("{FAE04EC0-301F-11D3-BF4B-00C04F79EFBC}") = "UserDashboard", "UserDashboard.csproj", "{973B5D44-0DA0-5676-7CF7-A8E94E4D4F1A}"
EndProject
Global
	GlobalSection(SolutionConfigurationPlatforms) = preSolution
		Debug|Any CPU = Debug|Any CPU
		Release|Any CPU = Release|Any CPU
	EndGlobalSection
	GlobalSection(ProjectConfigurationPlatforms) = postSolution
		{973B5D44-0DA0-5676-7CF7-A8E94E4D4F1A}.Debug|Any CPU.ActiveCfg = Debug|Any CPU
		{973B5D44-0DA0-5676-7CF7-A8E94E4D4F1A}.Debug|Any CPU.Build.0 = Debug|Any CPU
		{973B5D44-0DA0-5676-7CF7-A8E94E4D4F1A}.Release|Any CPU.ActiveCfg = Release|Any CPU
		{973B5D44-0DA0-5676-7CF7-A8E94E4D4F1A}.Release|Any CPU.Build.0 = Release|Any CPU
	EndGlobalSection
	GlobalSection(SolutionProperties) = preSolution
		HideSolutionNode = FALSE
	EndGlobalSection
	GlobalSection(ExtensibilityGlobals) = postSolution
		SolutionGuid = {52A0F11A-B850-47DD-8D54-76DD890DA9EE}
	EndGlobalSection
EndGlobal
